
Microsoft Visual Studio Solution File, Format Version 12.00
# Visual Studio Version 16
VisualStudioVersion = 16.0.31624.102
MinimumVisualStudioVersion = 10.0.40219.1
Project("{FAE04EC0-301F-11D3-BF4B-00C04F79EFBC}") = "ConsoleApp1", "ConsoleApp1.csproj", "{B2693019-B918-4C0D-9124-E72D423B0C29}"
EndProject
Global
	GlobalSection(SolutionConfigurationPlatforms) = preSolution
		Debug|Any CPU = Debug|Any CPU
		Release|Any CPU = Release|Any CPU
	EndGlobalSection
	GlobalSection(ProjectConfigurationPlatforms) = postSolution
		{B2693019-B918-4C0D-9124-E72D423B0C29}.Debug|Any CPU.ActiveCfg = Debug|Any CPU
		{B2693019-B918-4C0D-9124-E72D423B0C29}.Debug|Any CPU.Build.0 = Debug|Any CPU
		{B2693019-B918-4C0D-9124-E72D423B0C29}.Release|Any CPU.ActiveCfg = Release|Any CPU
		{B2693019-B918-4C0D-9124-E72D423B0C29}.Release|Any CPU.Build.0 = Release|Any CPU
	EndGlobalSection
	GlobalSection(SolutionProperties) = preSolution
		HideSolutionNode = FALSE
	EndGlobalSection
	GlobalSection(ExtensibilityGlobals) = postSolution
		SolutionGuid = {59CFD336-CC5C-4F5B-905D-8BC0C6EBA324}
	EndGlobalSection
EndGlobal
